
Microsoft Visual Studio Solution File, Format Version 12.00
# Visual Studio Version 17
VisualStudioVersion = 17.6.33829.357
MinimumVisualStudioVersion = 10.0.40219.1
Project("{FAE04EC0-301F-11D3-BF4B-00C04F79EFBC}") = "Inicio_Sesion", "Inicio_Sesion.csproj", "{D21B0158-9DB1-484F-A413-E5253B6F0B38}"
EndProject
Global
	GlobalSection(SolutionConfigurationPlatforms) = preSolution
		Debug|Any CPU = Debug|Any CPU
		Release|Any CPU = Release|Any CPU
	EndGlobalSection
	GlobalSection(ProjectConfigurationPlatforms) = postSolution
		{D21B0158-9DB1-484F-A413-E5253B6F0B38}.Debug|Any CPU.ActiveCfg = Debug|Any CPU
		{D21B0158-9DB1-484F-A413-E5253B6F0B38}.Debug|Any CPU.Build.0 = Debug|Any CPU
		{D21B0158-9DB1-484F-A413-E5253B6F0B38}.Release|Any CPU.ActiveCfg = Release|Any CPU
		{D21B0158-9DB1-484F-A413-E5253B6F0B38}.Release|Any CPU.Build.0 = Release|Any CPU
	EndGlobalSection
	GlobalSection(SolutionProperties) = preSolution
		HideSolutionNode = FALSE
	EndGlobalSection
	GlobalSection(ExtensibilityGlobals) = postSolution
		SolutionGuid = {1CA8AEF2-31FD-443D-BDBD-F3D11AA6F1F4}
	EndGlobalSection
EndGlobal
